// !$*UTF8*$!
{
	archiveVersion = 1;
	classes = {
	};
	objectVersion = 55;
	objects = {

/* Begin PBXBuildFile section */
		38B66803272475B40090E3F2 /* AppDelegate.swift in Sources */ = {isa = PBXBuildFile; fileRef = 38B66802272475B40090E3F2 /* AppDelegate.swift */; };
		38B66809272475B40090E3F2 /* GameScene.swift in Sources */ = {isa = PBXBuildFile; fileRef = 38B66808272475B40090E3F2 /* GameScene.swift */; };
		38B6680B272475B40090E3F2 /* GameViewController.swift in Sources */ = {isa = PBXBuildFile; fileRef = 38B6680A272475B40090E3F2 /* GameViewController.swift */; };
		38B6680E272475B40090E3F2 /* Main.storyboard in Resources */ = {isa = PBXBuildFile; fileRef = 38B6680C272475B40090E3F2 /* Main.storyboard */; };
		38B66810272475B50090E3F2 /* Assets.xcassets in Resources */ = {isa = PBXBuildFile; fileRef = 38B6680F272475B50090E3F2 /* Assets.xcassets */; };
		38B66813272475B50090E3F2 /* LaunchScreen.storyboard in Resources */ = {isa = PBXBuildFile; fileRef = 38B66811272475B50090E3F2 /* LaunchScreen.storyboard */; };
		38B6681A272476060090E3F2 /* Snake.swift in Sources */ = {isa = PBXBuildFile; fileRef = 38B66819272476060090E3F2 /* Snake.swift */; };
		38B6681C272476240090E3F2 /* SnakeBodyPart.swift in Sources */ = {isa = PBXBuildFile; fileRef = 38B6681B272476240090E3F2 /* SnakeBodyPart.swift */; };
		38B6681E272476350090E3F2 /* SnakeHead.swift in Sources */ = {isa = PBXBuildFile; fileRef = 38B6681D272476350090E3F2 /* SnakeHead.swift */; };
		38B66820272476480090E3F2 /* Apple.swift in Sources */ = {isa = PBXBuildFile; fileRef = 38B6681F272476480090E3F2 /* Apple.swift */; };
		38B66822272476730090E3F2 /* CollusionCat.swift in Sources */ = {isa = PBXBuildFile; fileRef = 38B66821272476730090E3F2 /* CollusionCat.swift */; };
		38B66825272476BF0090E3F2 /* ControlsFactory.swift in Sources */ = {isa = PBXBuildFile; fileRef = 38B66824272476BF0090E3F2 /* ControlsFactory.swift */; };
		38B66827272476D80090E3F2 /* CG Ext.swift in Sources */ = {isa = PBXBuildFile; fileRef = 38B66826272476D80090E3F2 /* CG Ext.swift */; };
/* End PBXBuildFile section */

/* Begin PBXFileReference section */
		38B667FF272475B40090E3F2 /* SnakeGameF.app */ = {isa = PBXFileReference; explicitFileType = wrapper.application; includeInIndex = 0; path = SnakeGameF.app; sourceTree = BUILT_PRODUCTS_DIR; };
		38B66802272475B40090E3F2 /* AppDelegate.swift */ = {isa = PBXFileReference; lastKnownFileType = sourcecode.swift; path = AppDelegate.swift; sourceTree = "<group>"; };
		38B66808272475B40090E3F2 /* GameScene.swift */ = {isa = PBXFileReference; lastKnownFileType = sourcecode.swift; path = GameScene.swift; sourceTree = "<group>"; };
		38B6680A272475B40090E3F2 /* GameViewController.swift */ = {isa = PBXFileReference; lastKnownFileType = sourcecode.swift; path = GameViewController.swift; sourceTree = "<group>"; };
		38B6680D272475B40090E3F2 /* Base */ = {isa = PBXFileReference; lastKnownFileType = file.storyboard; name = Base; path = Base.lproj/Main.storyboard; sourceTree = "<group>"; };
		38B6680F272475B50090E3F2 /* Assets.xcassets */ = {isa = PBXFileReference; lastKnownFileType = folder.assetcatalog; path = Assets.xcassets; sourceTree = "<group>"; };
		38B66812272475B50090E3F2 /* Base */ = {isa = PBXFileReference; lastKnownFileType = file.storyboard; name = Base; path = Base.lproj/LaunchScreen.storyboard; sourceTree = "<group>"; };
		38B66819272476060090E3F2 /* Snake.swift */ = {isa = PBXFileReference; lastKnownFileType = sourcecode.swift; path = Snake.swift; sourceTree = "<group>"; };
		38B6681B272476240090E3F2 /* SnakeBodyPart.swift */ = {isa = PBXFileReference; lastKnownFileType = sourcecode.swift; path = SnakeBodyPart.swift; sourceTree = "<group>"; };
		38B6681D272476350090E3F2 /* SnakeHead.swift */ = {isa = PBXFileReference; lastKnownFileType = sourcecode.swift; path = SnakeHead.swift; sourceTree = "<group>"; };
		38B6681F272476480090E3F2 /* Apple.swift */ = {isa = PBXFileReference; lastKnownFileType = sourcecode.swift; path = Apple.swift; sourceTree = "<group>"; };
		38B66821272476730090E3F2 /* CollusionCat.swift */ = {isa = PBXFileReference; lastKnownFileType = sourcecode.swift; path = CollusionCat.swift; sourceTree = "<group>"; };
		38B66824272476BF0090E3F2 /* ControlsFactory.swift */ = {isa = PBXFileReference; lastKnownFileType = sourcecode.swift; path = ControlsFactory.swift; sourceTree = "<group>"; };
		38B66826272476D80090E3F2 /* CG Ext.swift */ = {isa = PBXFileReference; lastKnownFileType = sourcecode.swift; path = "CG Ext.swift"; sourceTree = "<group>"; };
/* End PBXFileReference section */

/* Begin PBXFrameworksBuildPhase section */
		38B667FC272475B40090E3F2 /* Frameworks */ = {
			isa = PBXFrameworksBuildPhase;
			buildActionMask = 2147483647;
			files = (
			);
			runOnlyForDeploymentPostprocessing = 0;
		};
/* End PBXFrameworksBuildPhase section */

/* Begin PBXGroup section */
		38B667F6272475B40090E3F2 = {
			isa = PBXGroup;
			children = (
				38B66801272475B40090E3F2 /* SnakeGameF */,
				38B66800272475B40090E3F2 /* Products */,
			);
			sourceTree = "<group>";
		};
		38B66800272475B40090E3F2 /* Products */ = {
			isa = PBXGroup;
			children = (
				38B667FF272475B40090E3F2 /* SnakeGameF.app */,
			);
			name = Products;
			sourceTree = "<group>";
		};
		38B66801272475B40090E3F2 /* SnakeGameF */ = {
			isa = PBXGroup;
			children = (
				38B66808272475B40090E3F2 /* GameScene.swift */,
				38B66802272475B40090E3F2 /* AppDelegate.swift */,
				38B6680A272475B40090E3F2 /* GameViewController.swift */,
				38B66821272476730090E3F2 /* CollusionCat.swift */,
				38B66824272476BF0090E3F2 /* ControlsFactory.swift */,
				38B66826272476D80090E3F2 /* CG Ext.swift */,
				38B668232724767E0090E3F2 /* Snake class */,
				38B6680C272475B40090E3F2 /* Main.storyboard */,
				38B6680F272475B50090E3F2 /* Assets.xcassets */,
				38B66811272475B50090E3F2 /* LaunchScreen.storyboard */,
			);
			path = SnakeGameF;
			sourceTree = "<group>";
		};
		38B668232724767E0090E3F2 /* Snake class */ = {
			isa = PBXGroup;
			children = (
				38B6681F272476480090E3F2 /* Apple.swift */,
				38B66819272476060090E3F2 /* Snake.swift */,
				38B6681B272476240090E3F2 /* SnakeBodyPart.swift */,
				38B6681D272476350090E3F2 /* SnakeHead.swift */,
			);
			path = "Snake class";
			sourceTree = "<group>";
		};
/* End PBXGroup section */

/* Begin PBXNativeTarget section */
		38B667FE272475B40090E3F2 /* SnakeGameF */ = {
			isa = PBXNativeTarget;
			buildConfigurationList = 38B66816272475B50090E3F2 /* Build configuration list for PBXNativeTarget "SnakeGameF" */;
			buildPhases = (
				38B667FB272475B40090E3F2 /* Sources */,
				38B667FC272475B40090E3F2 /* Frameworks */,
				38B667FD272475B40090E3F2 /* Resources */,
			);
			buildRules = (
			);
			dependencies = (
			);
			name = SnakeGameF;
			productName = SnakeGameF;
			productReference = 38B667FF272475B40090E3F2 /* SnakeGameF.app */;
			productType = "com.apple.product-type.application";
		};
/* End PBXNativeTarget section */

/* Begin PBXProject section */
		38B667F7272475B40090E3F2 /* Project object */ = {
			isa = PBXProject;
			attributes = {
				BuildIndependentTargetsInParallel = 1;
				LastSwiftUpdateCheck = 1300;
				LastUpgradeCheck = 1300;
				TargetAttributes = {
					38B667FE272475B40090E3F2 = {
						CreatedOnToolsVersion = 13.0;
					};
				};
			};
			buildConfigurationList = 38B667FA272475B40090E3F2 /* Build configuration list for PBXProject "SnakeGameF" */;
			compatibilityVersion = "Xcode 13.0";
			developmentRegion = en;
			hasScannedForEncodings = 0;
			knownRegions = (
				en,
				Base,
			);
			mainGroup = 38B667F6272475B40090E3F2;
			productRefGroup = 38B66800272475B40090E3F2 /* Products */;
			projectDirPath = "";
			projectRoot = "";
			targets = (
				38B667FE272475B40090E3F2 /* SnakeGameF */,
			);
		};
/* End PBXProject section */

/* Begin PBXResourcesBuildPhase section */
		38B667FD272475B40090E3F2 /* Resources */ = {
			isa = PBXResourcesBuildPhase;
			buildActionMask = 2147483647;
			files = (
				38B6680E272475B40090E3F2 /* Main.storyboard in Resources */,
				38B66810272475B50090E3F2 /* Assets.xcassets in Resources */,
				38B66813272475B50090E3F2 /* LaunchScreen.storyboard in Resources */,
			);
			runOnlyForDeploymentPostprocessing = 0;
		};
/* End PBXResourcesBuildPhase section */

/* Begin PBXSourcesBuildPhase section */
		38B667FB272475B40090E3F2 /* Sources */ = {
			isa = PBXSourcesBuildPhase;
			buildActionMask = 2147483647;
			files = (
				38B6681E272476350090E3F2 /* SnakeHead.swift in Sources */,
				38B6681A272476060090E3F2 /* Snake.swift in Sources */,
				38B66820272476480090E3F2 /* Apple.swift in Sources */,
				38B66809272475B40090E3F2 /* GameScene.swift in Sources */,
				38B66827272476D80090E3F2 /* CG Ext.swift in Sources */,
				38B66825272476BF0090E3F2 /* ControlsFactory.swift in Sources */,
				38B6680B272475B40090E3F2 /* GameViewController.swift in Sources */,
				38B66822272476730090E3F2 /* CollusionCat.swift in Sources */,
				38B6681C272476240090E3F2 /* SnakeBodyPart.swift in Sources */,
				38B66803272475B40090E3F2 /* AppDelegate.swift in Sources */,
			);
			runOnlyForDeploymentPostprocessing = 0;
		};
/* End PBXSourcesBuildPhase section */

/* Begin PBXVariantGroup section */
		38B6680C272475B40090E3F2 /* Main.storyboard */ = {
			isa = PBXVariantGroup;
			children = (
				38B6680D272475B40090E3F2 /* Base */,
			);
			name = Main.storyboard;
			sourceTree = "<group>";
		};
		38B66811272475B50090E3F2 /* LaunchScreen.storyboard */ = {
			isa = PBXVariantGroup;
			children = (
				38B66812272475B50090E3F2 /* Base */,
			);
			name = LaunchScreen.storyboard;
			sourceTree = "<group>";
		};
/* End PBXVariantGroup section */

/* Begin XCBuildConfiguration section */
		38B66814272475B50090E3F2 /* Debug */ = {
			isa = XCBuildConfiguration;
			buildSettings = {
				ALWAYS_SEARCH_USER_PATHS = NO;
				CLANG_ANALYZER_NONNULL = YES;
				CLANG_ANALYZER_NUMBER_OBJECT_CONVERSION = YES_AGGRESSIVE;
				CLANG_CXX_LANGUAGE_STANDARD = "gnu++17";
				CLANG_CXX_LIBRARY = "libc++";
				CLANG_ENABLE_MODULES = YES;
				CLANG_ENABLE_OBJC_ARC = YES;
				CLANG_ENABLE_OBJC_WEAK = YES;
				CLANG_WARN_BLOCK_CAPTURE_AUTORELEASING = YES;
				CLANG_WARN_BOOL_CONVERSION = YES;
				CLANG_WARN_COMMA = YES;
				CLANG_WARN_CONSTANT_CONVERSION = YES;
				CLANG_WARN_DEPRECATED_OBJC_IMPLEMENTATIONS = YES;
				CLANG_WARN_DIRECT_OBJC_ISA_USAGE = YES_ERROR;
				CLANG_WARN_DOCUMENTATION_COMMENTS = YES;
				CLANG_WARN_EMPTY_BODY = YES;
				CLANG_WARN_ENUM_CONVERSION = YES;
				CLANG_WARN_INFINITE_RECURSION = YES;
				CLANG_WARN_INT_CONVERSION = YES;
				CLANG_WARN_NON_LITERAL_NULL_CONVERSION = YES;
				CLANG_WARN_OBJC_IMPLICIT_RETAIN_SELF = YES;
				CLANG_WARN_OBJC_LITERAL_CONVERSION = YES;
				CLANG_WARN_OBJC_ROOT_CLASS = YES_ERROR;
				CLANG_WARN_QUOTED_INCLUDE_IN_FRAMEWORK_HEADER = YES;
				CLANG_WARN_RANGE_LOOP_ANALYSIS = YES;
				CLANG_WARN_STRICT_PROTOTYPES = YES;
				CLANG_WARN_SUSPICIOUS_MOVE = YES;
				CLANG_WARN_UNGUARDED_AVAILABILITY = YES_AGGRESSIVE;
				CLANG_WARN_UNREACHABLE_CODE = YES;
				CLANG_WARN__DUPLICATE_METHOD_MATCH = YES;
				COPY_PHASE_STRIP = NO;
				DEBUG_INFORMATION_FORMAT = dwarf;
				ENABLE_STRICT_OBJC_MSGSEND = YES;
				ENABLE_TESTABILITY = YES;
				GCC_C_LANGUAGE_STANDARD = gnu11;
				GCC_DYNAMIC_NO_PIC = NO;
				GCC_NO_COMMON_BLOCKS = YES;
				GCC_OPTIMIZATION_LEVEL = 0;
				GCC_PREPROCESSOR_DEFINITIONS = (
					"DEBUG=1",
					"$(inherited)",
				);
				GCC_WARN_64_TO_32_BIT_CONVERSION = YES;
				GCC_WARN_ABOUT_RETURN_TYPE = YES_ERROR;
				GCC_WARN_UNDECLARED_SELECTOR = YES;
				GCC_WARN_UNINITIALIZED_AUTOS = YES_AGGRESSIVE;
				GCC_WARN_UNUSED_FUNCTION = YES;
				GCC_WARN_UNUSED_VARIABLE = YES;
				IPHONEOS_DEPLOYMENT_TARGET = 15.0;
				MTL_ENABLE_DEBUG_INFO = INCLUDE_SOURCE;
				MTL_FAST_MATH = YES;
				ONLY_ACTIVE_ARCH = YES;
				SDKROOT = iphoneos;
				SWIFT_ACTIVE_COMPILATION_CONDITIONS = DEBUG;
				SWIFT_OPTIMIZATION_LEVEL = "-Onone";
			};
			name = Debug;
		};
		38B66815272475B50090E3F2 /* Release */ = {
			isa = XCBuildConfiguration;
			buildSettings = {
				ALWAYS_SEARCH_USER_PATHS = NO;
				CLANG_ANALYZER_NONNULL = YES;
				CLANG_ANALYZER_NUMBER_OBJECT_CONVERSION = YES_AGGRESSIVE;
				CLANG_CXX_LANGUAGE_STANDARD = "gnu++17";
				CLANG_CXX_LIBRARY = "libc++";
				CLANG_ENABLE_MODULES = YES;
				CLANG_ENABLE_OBJC_ARC = YES;
				CLANG_ENABLE_OBJC_WEAK = YES;
				CLANG_WARN_BLOCK_CAPTURE_AUTORELEASING = YES;
				CLANG_WARN_BOOL_CONVERSION = YES;
				CLANG_WARN_COMMA = YES;
				CLANG_WARN_CONSTANT_CONVERSION = YES;
				CLANG_WARN_DEPRECATED_OBJC_IMPLEMENTATIONS = YES;
				CLANG_WARN_DIRECT_OBJC_ISA_USAGE = YES_ERROR;
				CLANG_WARN_DOCUMENTATION_COMMENTS = YES;
				CLANG_WARN_EMPTY_BODY = YES;
				CLANG_WARN_ENUM_CONVERSION = YES;
				CLANG_WARN_INFINITE_RECURSION = YES;
				CLANG_WARN_INT_CONVERSION = YES;
				CLANG_WARN_NON_LITERAL_NULL_CONVERSION = YES;
				CLANG_WARN_OBJC_IMPLICIT_RETAIN_SELF = YES;
				CLANG_WARN_OBJC_LITERAL_CONVERSION = YES;
				CLANG_WARN_OBJC_ROOT_CLASS = YES_ERROR;
				CLANG_WARN_QUOTED_INCLUDE_IN_FRAMEWORK_HEADER = YES;
				CLANG_WARN_RANGE_LOOP_ANALYSIS = YES;
				CLANG_WARN_STRICT_PROTOTYPES = YES;
				CLANG_WARN_SUSPICIOUS_MOVE = YES;
				CLANG_WARN_UNGUARDED_AVAILABILITY = YES_AGGRESSIVE;
				CLANG_WARN_UNREACHABLE_CODE = YES;
				CLANG_WARN__DUPLICATE_METHOD_MATCH = YES;
				COPY_PHASE_STRIP = NO;
				DEBUG_INFORMATION_FORMAT = "dwarf-with-dsym";
				ENABLE_NS_ASSERTIONS = NO;
				ENABLE_STRICT_OBJC_MSGSEND = YES;
				GCC_C_LANGUAGE_STANDARD = gnu11;
				GCC_NO_COMMON_BLOCKS = YES;
				GCC_WARN_64_TO_32_BIT_CONVERSION = YES;
				GCC_WARN_ABOUT_RETURN_TYPE = YES_ERROR;
				GCC_WARN_UNDECLARED_SELECTOR = YES;
				GCC_WARN_UNINITIALIZED_AUTOS = YES_AGGRESSIVE;
				GCC_WARN_UNUSED_FUNCTION = YES;
				GCC_WARN_UNUSED_VARIABLE = YES;
				IPHONEOS_DEPLOYMENT_TARGET = 15.0;
				MTL_ENABLE_DEBUG_INFO = NO;
				MTL_FAST_MATH = YES;
				SDKROOT = iphoneos;
				SWIFT_COMPILATION_MODE = wholemodule;
				SWIFT_OPTIMIZATION_LEVEL = "-O";
				VALIDATE_PRODUCT = YES;
			};
			name = Release;
		};
		38B66817272475B50090E3F2 /* Debug */ = {
			isa = XCBuildConfiguration;
			buildSettings = {
				ASSETCATALOG_COMPILER_APPICON_NAME = AppIcon;
				ASSETCATALOG_COMPILER_GLOBAL_ACCENT_COLOR_NAME = AccentColor;
				CODE_SIGN_STYLE = Automatic;
				CURRENT_PROJECT_VERSION = 1;
				DEVELOPMENT_TEAM = 4V762ZF3LR;
				GENERATE_INFOPLIST_FILE = YES;
				INFOPLIST_KEY_UIApplicationSupportsIndirectInputEvents = YES;
				INFOPLIST_KEY_UILaunchStoryboardName = LaunchScreen;
				INFOPLIST_KEY_UIMainStoryboardFile = Main;
				INFOPLIST_KEY_UIStatusBarHidden = YES;
				INFOPLIST_KEY_UISupportedInterfaceOrientations_iPad = "UIInterfaceOrientationPortrait UIInterfaceOrientationPortraitUpsideDown UIInterfaceOrientationLandscapeLeft UIInterfaceOrientationLandscapeRight";
				INFOPLIST_KEY_UISupportedInterfaceOrientations_iPhone = "UIInterfaceOrientationPortrait UIInterfaceOrientationLandscapeLeft UIInterfaceOrientationLandscapeRight";
				LD_RUNPATH_SEARCH_PATHS = (
					"$(inherited)",
					"@executable_path/Frameworks",
				);
				MARKETING_VERSION = 1.0;
				PRODUCT_BUNDLE_IDENTIFIER = no.SnakeGameF;
				PRODUCT_NAME = "$(TARGET_NAME)";
				SWIFT_EMIT_LOC_STRINGS = YES;
				SWIFT_VERSION = 5.0;
				TARGETED_DEVICE_FAMILY = "1,2";
			};
			name = Debug;
		};
		38B66818272475B50090E3F2 /* Release */ = {
			isa = XCBuildConfiguration;
			buildSettings = {
				ASSETCATALOG_COMPILER_APPICON_NAME = AppIcon;
				ASSETCATALOG_COMPILER_GLOBAL_ACCENT_COLOR_NAME = AccentColor;
				CODE_SIGN_STYLE = Automatic;
				CURRENT_PROJECT_VERSION = 1;
				DEVELOPMENT_TEAM = 4V762ZF3LR;
				GENERATE_INFOPLIST_FILE = YES;
				INFOPLIST_KEY_UIApplicationSupportsIndirectInputEvents = YES;
				INFOPLIST_KEY_UILaunchStoryboardName = LaunchScreen;
				INFOPLIST_KEY_UIMainStoryboardFile = Main;
				INFOPLIST_KEY_UIStatusBarHidden = YES;
				INFOPLIST_KEY_UISupportedInterfaceOrientations_iPad = "UIInterfaceOrientationPortrait UIInterfaceOrientationPortraitUpsideDown UIInterfaceOrientationLandscapeLeft UIInterfaceOrientationLandscapeRight";
				INFOPLIST_KEY_UISupportedInterfaceOrientations_iPhone = "UIInterfaceOrientationPortrait UIInterfaceOrientationLandscapeLeft UIInterfaceOrientationLandscapeRight";
				LD_RUNPATH_SEARCH_PATHS = (
					"$(inherited)",
					"@executable_path/Frameworks",
				);
				MARKETING_VERSION = 1.0;
				PRODUCT_BUNDLE_IDENTIFIER = no.SnakeGameF;
				PRODUCT_NAME = "$(TARGET_NAME)";
				SWIFT_EMIT_LOC_STRINGS = YES;
				SWIFT_VERSION = 5.0;
				TARGETED_DEVICE_FAMILY = "1,2";
			};
			name = Release;
		};
/* End XCBuildConfiguration section */

/* Begin XCConfigurationList section */
		38B667FA272475B40090E3F2 /* Build configuration list for PBXProject "SnakeGameF" */ = {
			isa = XCConfigurationList;
			buildConfigurations = (
				38B66814272475B50090E3F2 /* Debug */,
				38B66815272475B50090E3F2 /* Release */,
			);
			defaultConfigurationIsVisible = 0;
			defaultConfigurationName = Release;
		};
		38B66816272475B50090E3F2 /* Build configuration list for PBXNativeTarget "SnakeGameF" */ = {
			isa = XCConfigurationList;
			buildConfigurations = (
				38B66817272475B50090E3F2 /* Debug */,
				38B66818272475B50090E3F2 /* Release */,
			);
			defaultConfigurationIsVisible = 0;
			defaultConfigurationName = Release;
		};
/* End XCConfigurationList section */
	};
	rootObject = 38B667F7272475B40090E3F2 /* Project object */;
}
